
Microsoft Visual Studio Solution File, Format Version 12.00
# Visual Studio Version 17
VisualStudioVersion = 17.4.33205.214
MinimumVisualStudioVersion = 10.0.40219.1
Project("{FAE04EC0-301F-11D3-BF4B-00C04F79EFBC}") = "Eremenko_lab3_prlan", "Eremenko_lab3_prlan\Eremenko_lab3_prlan.csproj", "{8BEAA568-FA0D-41E3-90A4-2F1ADF785A59}"
EndProject
Global
	GlobalSection(SolutionConfigurationPlatforms) = preSolution
		Debug|Any CPU = Debug|Any CPU
		Release|Any CPU = Release|Any CPU
	EndGlobalSection
	GlobalSection(ProjectConfigurationPlatforms) = postSolution
		{8BEAA568-FA0D-41E3-90A4-2F1ADF785A59}.Debug|Any CPU.ActiveCfg = Debug|Any CPU
		{8BEAA568-FA0D-41E3-90A4-2F1ADF785A59}.Debug|Any CPU.Build.0 = Debug|Any CPU
		{8BEAA568-FA0D-41E3-90A4-2F1ADF785A59}.Release|Any CPU.ActiveCfg = Release|Any CPU
		{8BEAA568-FA0D-41E3-90A4-2F1ADF785A59}.Release|Any CPU.Build.0 = Release|Any CPU
	EndGlobalSection
	GlobalSection(SolutionProperties) = preSolution
		HideSolutionNode = FALSE
	EndGlobalSection
	GlobalSection(ExtensibilityGlobals) = postSolution
		SolutionGuid = {D43A37FD-D071-43B7-9364-311B78B9C766}
	EndGlobalSection
EndGlobal
